PODS:
  - desktop_multi_window (0.0.1):
    - FlutterMacOS
  - flutter_midi_command (0.0.1):
    - FlutterMacOS
  - FlutterMacOS (1.0.0)
  - universal_ble (0.0.1):
    - Flutter
    - FlutterMacOS

DEPENDENCIES:
  - desktop_multi_window (from `Flutter/ephemeral/.symlinks/plugins/desktop_multi_window/macos`)
  - flutter_midi_command (from `Flutter/ephemeral/.symlinks/plugins/flutter_midi_command/macos`)
  - FlutterMacOS (from `Flutter/ephemeral`)
  - universal_ble (from `Flutter/ephemeral/.symlinks/plugins/universal_ble/darwin`)

EXTERNAL SOURCES:
  desktop_multi_window:
    :path: Flutter/ephemeral/.symlinks/plugins/desktop_multi_window/macos
  flutter_midi_command:
    :path: Flutter/ephemeral/.symlinks/plugins/flutter_midi_command/macos
  FlutterMacOS:
    :path: Flutter/ephemeral
  universal_ble:
    :path: Flutter/ephemeral/.symlinks/plugins/universal_ble/darwin

SPEC CHECKSUMS:
  desktop_multi_window: 93667594ccc4b88d91a97972fd3b1b89667fa80a
  flutter_midi_command: c7517347a1acc8e4c7d4e9fa9809b3e87bbfd2b8
  FlutterMacOS: d0db08ddef1a9af05a5ec4b724367152bb0500b1
  universal_ble: ff19787898040d721109c6324472e5dd4bc86adc

PODFILE CHECKSUM: c2e95c8c0fe03c5c57e438583cae4cc732296009

COCOAPODS: 1.16.2
