PODS:
  - Flutter (1.0.0)
  - security_scoped_resource (0.0.1):
    - Flutter

DEPENDENCIES:
  - Flutter (from `Flutter`)
  - security_scoped_resource (from `.symlinks/plugins/security_scoped_resource/ios`)

EXTERNAL SOURCES:
  Flutter:
    :path: Flutter
  security_scoped_resource:
    :path: ".symlinks/plugins/security_scoped_resource/ios"

SPEC CHECKSUMS:
  Flutter: cabc95a1d2626b1b06e7179b784ebcf0c0cde467
  security_scoped_resource: 8b95b9c0e93ae4e03b60e9b6be9c2d61e3751ec1

PODFILE CHECKSUM: 91a1c36a1761cf575f5cf5f6ba421e39eb1a4ea5

COCOAPODS: 1.16.2
